
Microsoft Visual Studio Solution File, Format Version 12.00
# Visual Studio Version 16
VisualStudioVersion = 16.0.31729.503
MinimumVisualStudioVersion = 10.0.40219.1
Project("{8BC9CEB8-8B4A-11D0-8D11-00A0C91BC942}") = "IndianPoker", "IndianPoker.vcxproj", "{453264AC-C672-45D8-A1CA-4E15C7C9D6BE}"
EndProject
Global
	GlobalSection(SolutionConfigurationPlatforms) = preSolution
		Debug|x64 = Debug|x64
		Debug|x86 = Debug|x86
		Release|x64 = Release|x64
		Release|x86 = Release|x86
	EndGlobalSection
	GlobalSection(ProjectConfigurationPlatforms) = postSolution
		{453264AC-C672-45D8-A1CA-4E15C7C9D6BE}.Debug|x64.ActiveCfg = Debug|x64
		{453264AC-C672-45D8-A1CA-4E15C7C9D6BE}.Debug|x64.Build.0 = Debug|x64
		{453264AC-C672-45D8-A1CA-4E15C7C9D6BE}.Debug|x86.ActiveCfg = Debug|Win32
		{453264AC-C672-45D8-A1CA-4E15C7C9D6BE}.Debug|x86.Build.0 = Debug|Win32
		{453264AC-C672-45D8-A1CA-4E15C7C9D6BE}.Release|x64.ActiveCfg = Release|x64
		{453264AC-C672-45D8-A1CA-4E15C7C9D6BE}.Release|x64.Build.0 = Release|x64
		{453264AC-C672-45D8-A1CA-4E15C7C9D6BE}.Release|x86.ActiveCfg = Release|Win32
		{453264AC-C672-45D8-A1CA-4E15C7C9D6BE}.Release|x86.Build.0 = Release|Win32
	EndGlobalSection
	GlobalSection(SolutionProperties) = preSolution
		HideSolutionNode = FALSE
	EndGlobalSection
	GlobalSection(ExtensibilityGlobals) = postSolution
		SolutionGuid = {95BEA6B2-0AB5-4CAF-AF6B-920DCF008715}
	EndGlobalSection
EndGlobal
